
Microsoft Visual Studio Solution File, Format Version 12.00
# Visual Studio Version 16
VisualStudioVersion = 16.0.31005.135
MinimumVisualStudioVersion = 10.0.40219.1
Project("{FAE04EC0-301F-11D3-BF4B-00C04F79EFBC}") = "TestDock", "TestDock.csproj", "{8C93A17F-5BEB-4DC4-ACE0-254CC67EDDF8}"
EndProject
Global
	GlobalSection(SolutionConfigurationPlatforms) = preSolution
		Debug|Any CPU = Debug|Any CPU
		Debug|x64 = Debug|x64
		Release|Any CPU = Release|Any CPU
		Release|x64 = Release|x64
	EndGlobalSection
	GlobalSection(ProjectConfigurationPlatforms) = postSolution
		{8C93A17F-5BEB-4DC4-ACE0-254CC67EDDF8}.Debug|Any CPU.ActiveCfg = Debug|Any CPU
		{8C93A17F-5BEB-4DC4-ACE0-254CC67EDDF8}.Debug|Any CPU.Build.0 = Debug|Any CPU
		{8C93A17F-5BEB-4DC4-ACE0-254CC67EDDF8}.Debug|x64.ActiveCfg = Debug|x64
		{8C93A17F-5BEB-4DC4-ACE0-254CC67EDDF8}.Debug|x64.Build.0 = Debug|x64
		{8C93A17F-5BEB-4DC4-ACE0-254CC67EDDF8}.Release|Any CPU.ActiveCfg = Release|Any CPU
		{8C93A17F-5BEB-4DC4-ACE0-254CC67EDDF8}.Release|Any CPU.Build.0 = Release|Any CPU
		{8C93A17F-5BEB-4DC4-ACE0-254CC67EDDF8}.Release|x64.ActiveCfg = Release|x64
		{8C93A17F-5BEB-4DC4-ACE0-254CC67EDDF8}.Release|x64.Build.0 = Release|x64
	EndGlobalSection
	GlobalSection(SolutionProperties) = preSolution
		HideSolutionNode = FALSE
	EndGlobalSection
	GlobalSection(ExtensibilityGlobals) = postSolution
		SolutionGuid = {D0E0EEF8-AE70-4702-8C9C-C360312D759F}
	EndGlobalSection
EndGlobal
